// !$*UTF8*$!
{
	archiveVersion = 1;
	classes = {
	};
	objectVersion = 46;
	objects = {

/* Begin PBXBuildFile section */
		16935C93E866EAEED68AB718 /* RemindersFeature.framework in Frameworks */ = {isa = PBXBuildFile; fileRef = FD0019E434AD8A920D1C1D8E /* RemindersFeature.framework */; };
		176782BB0F62BCCF7E38F9B1 /* FormAndSearchTests.swift in Sources */ = {isa = PBXBuildFile; fileRef = CDAF0BFA20D0C2155BB14739 /* FormAndSearchTests.swift */; };
		3BE471C59555BCA11E509F14 /* SearchReminders.swift in Sources */ = {isa = PBXBuildFile; fileRef = 31602FDFBFBC5C4A763F778E /* SearchReminders.swift */; };
		5126B0148CF6B1E7B765C1EA /* RemindersListForm.swift in Sources */ = {isa = PBXBuildFile; fileRef = 54848EBADCFBBE4207A8843C /* RemindersListForm.swift */; };
		53112652C3FCD234A4CF6325 /* ReminderForm.swift in Sources */ = {isa = PBXBuildFile; fileRef = C2915EE710A6896C23BE2DA6 /* ReminderForm.swift */; };
		596B54B2C4EF6E0F43E8A22D /* Foundation.framework in Frameworks */ = {isa = PBXBuildFile; fileRef = 083916DA7C3493E5BC8D6752 /* Foundation.framework */; };
		5D90BF30355E17D28DAB9B40 /* Schema.swift in Sources */ = {isa = PBXBuildFile; fileRef = 3A712C02FBFA0F467F96FF40 /* Schema.swift */; };
		664F078C913D615DE71479EB /* RemindersFeatureTests.swift in Sources */ = {isa = PBXBuildFile; fileRef = 1DB6CBAF3BB69548033F8CAF /* RemindersFeatureTests.swift */; };
		7853DC617ACB6B1DD8DFD092 /* RemindersDetail.swift in Sources */ = {isa = PBXBuildFile; fileRef = FE1AF61422700A84D5448A32 /* RemindersDetail.swift */; };
		84609C6B91C6085CFE767053 /* TagRow.swift in Sources */ = {isa = PBXBuildFile; fileRef = 9478771E5ED8A91C8F2951E0 /* TagRow.swift */; };
		86B3952B4F808C315FDF49B3 /* Foundation.framework in Frameworks */ = {isa = PBXBuildFile; fileRef = 083916DA7C3493E5BC8D6752 /* Foundation.framework */; };
		92C7DF6E141A9434D85715AC /* SQLiteOrbit in Frameworks */ = {isa = PBXBuildFile; productRef = CCC864D19B01E90C616F784F /* SQLiteOrbit */; };
		975E7B06EC40A709B7167B5A /* RemindersApp.swift in Sources */ = {isa = PBXBuildFile; fileRef = A20DA2A99B40E36BF1FBEF5A /* RemindersApp.swift */; };
		9F16786B34743589BFF619F8 /* SchemaTests.swift in Sources */ = {isa = PBXBuildFile; fileRef = 92CEF913E696B888E0F8527F /* SchemaTests.swift */; };
		A5CE62D7F3AC9DEBCCD005C7 /* Helpers.swift in Sources */ = {isa = PBXBuildFile; fileRef = A02522307BDAE24B5A96B690 /* Helpers.swift */; };
		AE6504C75C001754FF9002E6 /* TestDatabase.swift in Sources */ = {isa = PBXBuildFile; fileRef = AA164DD76167B23E7F107C38 /* TestDatabase.swift */; };
		BC27F0ABCBF209CD79B9E71A /* RemindersRoot.swift in Sources */ = {isa = PBXBuildFile; fileRef = D0EFCA552A1A156F2CA5081C /* RemindersRoot.swift */; };
		BD77CE73AF0219244E3E4AEE /* Foundation.framework in Frameworks */ = {isa = PBXBuildFile; fileRef = 083916DA7C3493E5BC8D6752 /* Foundation.framework */; };
		C9FA26E0DB79945F7B2079B2 /* RemindersLists.swift in Sources */ = {isa = PBXBuildFile; fileRef = 3635964F42D283CFD23E54A8 /* RemindersLists.swift */; };
		DF51A1DEAE3C82678E479C5E /* RemindersFeature.framework in Frameworks */ = {isa = PBXBuildFile; fileRef = FD0019E434AD8A920D1C1D8E /* RemindersFeature.framework */; };
		DFD36B48E025D08DE9B888EF /* ReminderRow.swift in Sources */ = {isa = PBXBuildFile; fileRef = 9D20A2532D7399F69240F61C /* ReminderRow.swift */; };
		EA04AFFD34FB42E86F51B0A4 /* AppDatabase.swift in Sources */ = {isa = PBXBuildFile; fileRef = F7773CCF53D351FF3DF96E5B /* AppDatabase.swift */; };
		EAB6A1DDC9394640246B04E4 /* RemindersListRow.swift in Sources */ = {isa = PBXBuildFile; fileRef = 1B44EA10CA5F50BAAFE84CD1 /* RemindersListRow.swift */; };
		FB5EA695922A80E0026D4829 /* RemindersFeature.framework in Embed Frameworks */ = {isa = PBXBuildFile; fileRef = FD0019E434AD8A920D1C1D8E /* RemindersFeature.framework */; settings = {ATTRIBUTES = (CodeSignOnCopy, RemoveHeadersOnCopy, ); }; };
/* End PBXBuildFile section */

/* Begin PBXContainerItemProxy section */
		140AC6A13023FD98F2CF4A97 /* PBXContainerItemProxy */ = {
			isa = PBXContainerItemProxy;
			containerPortal = 662D084D9A874803A279FBDB /* Project object */;
			proxyType = 1;
			remoteGlobalIDString = 30D9D53CE1598695624873F2;
			remoteInfo = RemindersFeature;
		};
		39671D100682D4F1098798ED /* PBXContainerItemProxy */ = {
			isa = PBXContainerItemProxy;
			containerPortal = 662D084D9A874803A279FBDB /* Project object */;
			proxyType = 1;
			remoteGlobalIDString = 30D9D53CE1598695624873F2;
			remoteInfo = RemindersFeature;
		};
/* End PBXContainerItemProxy section */

/* Begin PBXCopyFilesBuildPhase section */
		2B5B962079EB94A904E6A8B6 /* Embed Frameworks */ = {
			isa = PBXCopyFilesBuildPhase;
			buildActionMask = 2147483647;
			dstPath = "";
			dstSubfolderSpec = 10;
			files = (
				FB5EA695922A80E0026D4829 /* RemindersFeature.framework in Embed Frameworks */,
			);
			name = "Embed Frameworks";
			runOnlyForDeploymentPostprocessing = 0;
		};
/* End PBXCopyFilesBuildPhase section */

/* Begin PBXFileReference section */
		083916DA7C3493E5BC8D6752 /* Foundation.framework */ = {isa = PBXFileReference; lastKnownFileType = wrapper.framework; name = Foundation.framework; path = Platforms/iPhoneOS.platform/Developer/SDKs/iPhoneOS14.0.sdk/System/Library/Frameworks/Foundation.framework; sourceTree = DEVELOPER_DIR; };
		1963A5464BEF84F9030D76E3 /* RemindersTests.xctest */ = {isa = PBXFileReference; explicitFileType = wrapper.cfbundle; includeInIndex = 0; path = RemindersTests.xctest; sourceTree = BUILT_PRODUCTS_DIR; };
		1B44EA10CA5F50BAAFE84CD1 /* RemindersListRow.swift */ = {isa = PBXFileReference; includeInIndex = 1; lastKnownFileType = sourcecode.swift; path = RemindersListRow.swift; sourceTree = "<group>"; };
		1DB6CBAF3BB69548033F8CAF /* RemindersFeatureTests.swift */ = {isa = PBXFileReference; includeInIndex = 1; lastKnownFileType = sourcecode.swift; path = RemindersFeatureTests.swift; sourceTree = "<group>"; };
		31602FDFBFBC5C4A763F778E /* SearchReminders.swift */ = {isa = PBXFileReference; includeInIndex = 1; lastKnownFileType = sourcecode.swift; path = SearchReminders.swift; sourceTree = "<group>"; };
		3635964F42D283CFD23E54A8 /* RemindersLists.swift */ = {isa = PBXFileReference; includeInIndex = 1; lastKnownFileType = sourcecode.swift; path = RemindersLists.swift; sourceTree = "<group>"; };
		3A712C02FBFA0F467F96FF40 /* Schema.swift */ = {isa = PBXFileReference; includeInIndex = 1; lastKnownFileType = sourcecode.swift; path = Schema.swift; sourceTree = "<group>"; };
		40CD74CFB345CB5B44E365A2 /* Reminders.app */ = {isa = PBXFileReference; explicitFileType = wrapper.application; includeInIndex = 0; path = Reminders.app; sourceTree = BUILT_PRODUCTS_DIR; };
		54848EBADCFBBE4207A8843C /* RemindersListForm.swift */ = {isa = PBXFileReference; includeInIndex = 1; lastKnownFileType = sourcecode.swift; path = RemindersListForm.swift; sourceTree = "<group>"; };
		92CEF913E696B888E0F8527F /* SchemaTests.swift */ = {isa = PBXFileReference; includeInIndex = 1; lastKnownFileType = sourcecode.swift; path = SchemaTests.swift; sourceTree = "<group>"; };
		9478771E5ED8A91C8F2951E0 /* TagRow.swift */ = {isa = PBXFileReference; includeInIndex = 1; lastKnownFileType = sourcecode.swift; path = TagRow.swift; sourceTree = "<group>"; };
		9D20A2532D7399F69240F61C /* ReminderRow.swift */ = {isa = PBXFileReference; includeInIndex = 1; lastKnownFileType = sourcecode.swift; path = ReminderRow.swift; sourceTree = "<group>"; };
		A02522307BDAE24B5A96B690 /* Helpers.swift */ = {isa = PBXFileReference; includeInIndex = 1; lastKnownFileType = sourcecode.swift; path = Helpers.swift; sourceTree = "<group>"; };
		A20DA2A99B40E36BF1FBEF5A /* RemindersApp.swift */ = {isa = PBXFileReference; includeInIndex = 1; lastKnownFileType = sourcecode.swift; path = RemindersApp.swift; sourceTree = "<group>"; };
		AA164DD76167B23E7F107C38 /* TestDatabase.swift */ = {isa = PBXFileReference; includeInIndex = 1; lastKnownFileType = sourcecode.swift; path = TestDatabase.swift; sourceTree = "<group>"; };
		C2915EE710A6896C23BE2DA6 /* ReminderForm.swift */ = {isa = PBXFileReference; includeInIndex = 1; lastKnownFileType = sourcecode.swift; path = ReminderForm.swift; sourceTree = "<group>"; };
		CDAF0BFA20D0C2155BB14739 /* FormAndSearchTests.swift */ = {isa = PBXFileReference; includeInIndex = 1; lastKnownFileType = sourcecode.swift; path = FormAndSearchTests.swift; sourceTree = "<group>"; };
		D0EFCA552A1A156F2CA5081C /* RemindersRoot.swift */ = {isa = PBXFileReference; includeInIndex = 1; lastKnownFileType = sourcecode.swift; path = RemindersRoot.swift; sourceTree = "<group>"; };
		F7773CCF53D351FF3DF96E5B /* AppDatabase.swift */ = {isa = PBXFileReference; includeInIndex = 1; lastKnownFileType = sourcecode.swift; path = AppDatabase.swift; sourceTree = "<group>"; };
		FD0019E434AD8A920D1C1D8E /* RemindersFeature.framework */ = {isa = PBXFileReference; explicitFileType = wrapper.framework; includeInIndex = 0; path = RemindersFeature.framework; sourceTree = BUILT_PRODUCTS_DIR; };
		FE1AF61422700A84D5448A32 /* RemindersDetail.swift */ = {isa = PBXFileReference; includeInIndex = 1; lastKnownFileType = sourcecode.swift; path = RemindersDetail.swift; sourceTree = "<group>"; };
/* End PBXFileReference section */

/* Begin PBXFrameworksBuildPhase section */
		2229018449CFBF2AF421F23D /* Frameworks */ = {
			isa = PBXFrameworksBuildPhase;
			buildActionMask = 2147483647;
			files = (
				BD77CE73AF0219244E3E4AEE /* Foundation.framework in Frameworks */,
				DF51A1DEAE3C82678E479C5E /* RemindersFeature.framework in Frameworks */,
			);
			runOnlyForDeploymentPostprocessing = 0;
		};
		23940C46E9E06089508A58A8 /* Frameworks */ = {
			isa = PBXFrameworksBuildPhase;
			buildActionMask = 2147483647;
			files = (
				86B3952B4F808C315FDF49B3 /* Foundation.framework in Frameworks */,
				92C7DF6E141A9434D85715AC /* SQLiteOrbit in Frameworks */,
			);
			runOnlyForDeploymentPostprocessing = 0;
		};
		E1264C3187416E0E257D346B /* Frameworks */ = {
			isa = PBXFrameworksBuildPhase;
			buildActionMask = 2147483647;
			files = (
				596B54B2C4EF6E0F43E8A22D /* Foundation.framework in Frameworks */,
				16935C93E866EAEED68AB718 /* RemindersFeature.framework in Frameworks */,
			);
			runOnlyForDeploymentPostprocessing = 0;
		};
/* End PBXFrameworksBuildPhase section */

/* Begin PBXGroup section */
		1342EC4A856A4224CC6B3E6E /* Products */ = {
			isa = PBXGroup;
			children = (
				FD0019E434AD8A920D1C1D8E /* RemindersFeature.framework */,
				40CD74CFB345CB5B44E365A2 /* Reminders.app */,
				1963A5464BEF84F9030D76E3 /* RemindersTests.xctest */,
			);
			name = Products;
			sourceTree = "<group>";
		};
		76834CD457C572A9A8BDEB3C /* RemindersTests */ = {
			isa = PBXGroup;
			children = (
				CDAF0BFA20D0C2155BB14739 /* FormAndSearchTests.swift */,
				1DB6CBAF3BB69548033F8CAF /* RemindersFeatureTests.swift */,
				92CEF913E696B888E0F8527F /* SchemaTests.swift */,
				AA164DD76167B23E7F107C38 /* TestDatabase.swift */,
			);
			name = RemindersTests;
			path = RemindersTests;
			sourceTree = "<group>";
		};
		7BC82CB5F5CD967A02572920 /* Frameworks */ = {
			isa = PBXGroup;
			children = (
				A2A64E9C19A2BB09642CD08D /* iOS */,
			);
			name = Frameworks;
			sourceTree = "<group>";
		};
		A2A64E9C19A2BB09642CD08D /* iOS */ = {
			isa = PBXGroup;
			children = (
				083916DA7C3493E5BC8D6752 /* Foundation.framework */,
			);
			name = iOS;
			sourceTree = "<group>";
		};
		A4FAE41BF29158D8C1626339 /* RemindersApp */ = {
			isa = PBXGroup;
			children = (
				A20DA2A99B40E36BF1FBEF5A /* RemindersApp.swift */,
			);
			name = RemindersApp;
			path = RemindersApp;
			sourceTree = "<group>";
		};
		B2AE573AD935EAAD9A26E501 /* Reminders */ = {
			isa = PBXGroup;
			children = (
				F7773CCF53D351FF3DF96E5B /* AppDatabase.swift */,
				A02522307BDAE24B5A96B690 /* Helpers.swift */,
				C2915EE710A6896C23BE2DA6 /* ReminderForm.swift */,
				9D20A2532D7399F69240F61C /* ReminderRow.swift */,
				FE1AF61422700A84D5448A32 /* RemindersDetail.swift */,
				54848EBADCFBBE4207A8843C /* RemindersListForm.swift */,
				1B44EA10CA5F50BAAFE84CD1 /* RemindersListRow.swift */,
				3635964F42D283CFD23E54A8 /* RemindersLists.swift */,
				D0EFCA552A1A156F2CA5081C /* RemindersRoot.swift */,
				3A712C02FBFA0F467F96FF40 /* Schema.swift */,
				31602FDFBFBC5C4A763F778E /* SearchReminders.swift */,
				9478771E5ED8A91C8F2951E0 /* TagRow.swift */,
			);
			name = Reminders;
			path = Reminders;
			sourceTree = "<group>";
		};
		DA4624FAFB57D8FBD11B5BE0 = {
			isa = PBXGroup;
			children = (
				1342EC4A856A4224CC6B3E6E /* Products */,
				7BC82CB5F5CD967A02572920 /* Frameworks */,
				B2AE573AD935EAAD9A26E501 /* Reminders */,
				A4FAE41BF29158D8C1626339 /* RemindersApp */,
				76834CD457C572A9A8BDEB3C /* RemindersTests */,
			);
			sourceTree = "<group>";
		};
/* End PBXGroup section */

/* Begin PBXHeadersBuildPhase section */
		494CA094EC49868C4B5FD4C4 /* Headers */ = {
			isa = PBXHeadersBuildPhase;
			buildActionMask = 2147483647;
			files = (
			);
			runOnlyForDeploymentPostprocessing = 0;
		};
/* End PBXHeadersBuildPhase section */

/* Begin PBXNativeTarget section */
		30D9D53CE1598695624873F2 /* RemindersFeature */ = {
			isa = PBXNativeTarget;
			buildConfigurationList = 8AE412B8305AEEBE039BEF25 /* Build configuration list for PBXNativeTarget "RemindersFeature" */;
			buildPhases = (
				494CA094EC49868C4B5FD4C4 /* Headers */,
				AED90568D9EF2B9476022E53 /* Sources */,
				23940C46E9E06089508A58A8 /* Frameworks */,
				5F1C07CEF59897D2AEB448E5 /* Resources */,
			);
			buildRules = (
			);
			dependencies = (
			);
			name = RemindersFeature;
			packageProductDependencies = (
				CCC864D19B01E90C616F784F /* SQLiteOrbit */,
			);
			productName = RemindersFeature;
			productReference = FD0019E434AD8A920D1C1D8E /* RemindersFeature.framework */;
			productType = "com.apple.product-type.framework";
		};
		56087B33215059DE5D728F3E /* Reminders */ = {
			isa = PBXNativeTarget;
			buildConfigurationList = 5E6B1507B21934ADAEF094E2 /* Build configuration list for PBXNativeTarget "Reminders" */;
			buildPhases = (
				D4251734D13E84040771A4F5 /* Sources */,
				E1264C3187416E0E257D346B /* Frameworks */,
				7B4E079DF90E4B35EDCB9B93 /* Resources */,
				2B5B962079EB94A904E6A8B6 /* Embed Frameworks */,
			);
			buildRules = (
			);
			dependencies = (
				18779B37C031D93EAB64CD34 /* PBXTargetDependency */,
			);
			name = Reminders;
			productName = Reminders;
			productReference = 40CD74CFB345CB5B44E365A2 /* Reminders.app */;
			productType = "com.apple.product-type.application";
		};
		7B8C5F513569AC2FB878ACAF /* RemindersTests */ = {
			isa = PBXNativeTarget;
			buildConfigurationList = 90D3EC92CCF29C30F54C4219 /* Build configuration list for PBXNativeTarget "RemindersTests" */;
			buildPhases = (
				85F097599A2B8B1475C0F39B /* Sources */,
				2229018449CFBF2AF421F23D /* Frameworks */,
				91FD9558314A36A80F4D61BE /* Resources */,
			);
			buildRules = (
			);
			dependencies = (
				670A5CF913F0E20A4AABE6E0 /* PBXTargetDependency */,
			);
			name = RemindersTests;
			productName = RemindersTests;
			productReference = 1963A5464BEF84F9030D76E3 /* RemindersTests.xctest */;
			productType = "com.apple.product-type.bundle.unit-test";
		};
/* End PBXNativeTarget section */

/* Begin PBXProject section */
		662D084D9A874803A279FBDB /* Project object */ = {
			isa = PBXProject;
			attributes = {
				LastSwiftUpdateCheck = 1500;
				LastUpgradeCheck = 1500;
			};
			buildConfigurationList = 92F11015261A6DA5EC9A5C60 /* Build configuration list for PBXProject "Examples" */;
			compatibilityVersion = "Xcode 3.2";
			developmentRegion = en;
			hasScannedForEncodings = 0;
			knownRegions = (
				en,
				Base,
			);
			mainGroup = DA4624FAFB57D8FBD11B5BE0;
			packageReferences = (
				E713FF906BB98F8DDF5F0E6C /* XCLocalSwiftPackageReference ".." */,
			);
			productRefGroup = 1342EC4A856A4224CC6B3E6E /* Products */;
			projectDirPath = "";
			projectRoot = "";
			targets = (
				30D9D53CE1598695624873F2 /* RemindersFeature */,
				56087B33215059DE5D728F3E /* Reminders */,
				7B8C5F513569AC2FB878ACAF /* RemindersTests */,
			);
		};
/* End PBXProject section */

/* Begin PBXResourcesBuildPhase section */
		5F1C07CEF59897D2AEB448E5 /* Resources */ = {
			isa = PBXResourcesBuildPhase;
			buildActionMask = 2147483647;
			files = (
			);
			runOnlyForDeploymentPostprocessing = 0;
		};
		7B4E079DF90E4B35EDCB9B93 /* Resources */ = {
			isa = PBXResourcesBuildPhase;
			buildActionMask = 2147483647;
			files = (
			);
			runOnlyForDeploymentPostprocessing = 0;
		};
		91FD9558314A36A80F4D61BE /* Resources */ = {
			isa = PBXResourcesBuildPhase;
			buildActionMask = 2147483647;
			files = (
			);
			runOnlyForDeploymentPostprocessing = 0;
		};
/* End PBXResourcesBuildPhase section */

/* Begin PBXSourcesBuildPhase section */
		85F097599A2B8B1475C0F39B /* Sources */ = {
			isa = PBXSourcesBuildPhase;
			buildActionMask = 2147483647;
			files = (
				176782BB0F62BCCF7E38F9B1 /* FormAndSearchTests.swift in Sources */,
				664F078C913D615DE71479EB /* RemindersFeatureTests.swift in Sources */,
				9F16786B34743589BFF619F8 /* SchemaTests.swift in Sources */,
				AE6504C75C001754FF9002E6 /* TestDatabase.swift in Sources */,
			);
			runOnlyForDeploymentPostprocessing = 0;
		};
		AED90568D9EF2B9476022E53 /* Sources */ = {
			isa = PBXSourcesBuildPhase;
			buildActionMask = 2147483647;
			files = (
				EA04AFFD34FB42E86F51B0A4 /* AppDatabase.swift in Sources */,
				A5CE62D7F3AC9DEBCCD005C7 /* Helpers.swift in Sources */,
				53112652C3FCD234A4CF6325 /* ReminderForm.swift in Sources */,
				DFD36B48E025D08DE9B888EF /* ReminderRow.swift in Sources */,
				7853DC617ACB6B1DD8DFD092 /* RemindersDetail.swift in Sources */,
				5126B0148CF6B1E7B765C1EA /* RemindersListForm.swift in Sources */,
				EAB6A1DDC9394640246B04E4 /* RemindersListRow.swift in Sources */,
				C9FA26E0DB79945F7B2079B2 /* RemindersLists.swift in Sources */,
				BC27F0ABCBF209CD79B9E71A /* RemindersRoot.swift in Sources */,
				5D90BF30355E17D28DAB9B40 /* Schema.swift in Sources */,
				3BE471C59555BCA11E509F14 /* SearchReminders.swift in Sources */,
				84609C6B91C6085CFE767053 /* TagRow.swift in Sources */,
			);
			runOnlyForDeploymentPostprocessing = 0;
		};
		D4251734D13E84040771A4F5 /* Sources */ = {
			isa = PBXSourcesBuildPhase;
			buildActionMask = 2147483647;
			files = (
				975E7B06EC40A709B7167B5A /* RemindersApp.swift in Sources */,
			);
			runOnlyForDeploymentPostprocessing = 0;
		};
/* End PBXSourcesBuildPhase section */

/* Begin PBXTargetDependency section */
		18779B37C031D93EAB64CD34 /* PBXTargetDependency */ = {
			isa = PBXTargetDependency;
			name = RemindersFeature;
			target = 30D9D53CE1598695624873F2 /* RemindersFeature */;
			targetProxy = 39671D100682D4F1098798ED /* PBXContainerItemProxy */;
		};
		670A5CF913F0E20A4AABE6E0 /* PBXTargetDependency */ = {
			isa = PBXTargetDependency;
			name = RemindersFeature;
			target = 30D9D53CE1598695624873F2 /* RemindersFeature */;
			targetProxy = 140AC6A13023FD98F2CF4A97 /* PBXContainerItemProxy */;
		};
/* End PBXTargetDependency section */

/* Begin XCBuildConfiguration section */
		78195C11183BF82029CCBBDB /* Release */ = {
			isa = XCBuildConfiguration;
			buildSettings = {
				CLANG_ENABLE_OBJC_WEAK = NO;
				CODE_SIGN_STYLE = Automatic;
				CURRENT_PROJECT_VERSION = 1;
				DEFINES_MODULE = YES;
				DYLIB_COMPATIBILITY_VERSION = 1;
				DYLIB_CURRENT_VERSION = 1;
				DYLIB_INSTALL_NAME_BASE = "@rpath";
				GENERATE_INFOPLIST_FILE = YES;
				INSTALL_PATH = "$(LOCAL_LIBRARY_DIR)/Frameworks";
				IPHONEOS_DEPLOYMENT_TARGET = 17.0;
				LD_RUNPATH_SEARCH_PATHS = "$(inherited) @executable_path/Frameworks @loader_path/Frameworks";
				PRODUCT_BUNDLE_IDENTIFIER = "co.sqlite-orbit.RemindersFeature";
				PRODUCT_NAME = "$(TARGET_NAME:c99extidentifier)";
				SDKROOT = iphoneos;
				SKIP_INSTALL = YES;
				SWIFT_STRICT_CONCURRENCY = complete;
				SWIFT_VERSION = 6.0;
				TARGETED_DEVICE_FAMILY = "1,2";
				VALIDATE_PRODUCT = YES;
				VERSIONING_SYSTEM = "apple-generic";
				VERSION_INFO_PREFIX = "";
			};
			name = Release;
		};
		7FFA669F280A27E3F9FECCDE /* Release */ = {
			isa = XCBuildConfiguration;
			buildSettings = {
				ASSETCATALOG_COMPILER_APPICON_NAME = AppIcon;
				ASSETCATALOG_COMPILER_GLOBAL_ACCENT_COLOR_NAME = AccentColor;
				CLANG_ENABLE_OBJC_WEAK = NO;
				CODE_SIGN_STYLE = Automatic;
				GENERATE_INFOPLIST_FILE = YES;
				IPHONEOS_DEPLOYMENT_TARGET = 17.0;
				LD_RUNPATH_SEARCH_PATHS = "$(inherited) @executable_path/Frameworks";
				PRODUCT_BUNDLE_IDENTIFIER = "co.sqlite-orbit.Reminders";
				SDKROOT = iphoneos;
				SWIFT_STRICT_CONCURRENCY = complete;
				SWIFT_VERSION = 6.0;
				TARGETED_DEVICE_FAMILY = "1,2";
				VALIDATE_PRODUCT = YES;
			};
			name = Release;
		};
		8578ADB9904377E059B12B73 /* Debug */ = {
			isa = XCBuildConfiguration;
			buildSettings = {
				ALWAYS_SEARCH_USER_PATHS = NO;
				CLANG_ANALYZER_NONNULL = YES;
				CLANG_ANALYZER_NUMBER_OBJECT_CONVERSION = YES_AGGRESSIVE;
				CLANG_CXX_LANGUAGE_STANDARD = "gnu++14";
				CLANG_CXX_LIBRARY = "libc++";
				CLANG_ENABLE_MODULES = YES;
				CLANG_ENABLE_OBJC_ARC = YES;
				CLANG_ENABLE_OBJC_WEAK = YES;
				CLANG_WARN_BLOCK_CAPTURE_AUTORELEASING = YES;
				CLANG_WARN_BOOL_CONVERSION = YES;
				CLANG_WARN_COMMA = YES;
				CLANG_WARN_CONSTANT_CONVERSION = YES;
				CLANG_WARN_DEPRECATED_OBJC_IMPLEMENTATIONS = YES;
				CLANG_WARN_DIRECT_OBJC_ISA_USAGE = YES_ERROR;
				CLANG_WARN_DOCUMENTATION_COMMENTS = YES;
				CLANG_WARN_EMPTY_BODY = YES;
				CLANG_WARN_ENUM_CONVERSION = YES;
				CLANG_WARN_INFINITE_RECURSION = YES;
				CLANG_WARN_INT_CONVERSION = YES;
				CLANG_WARN_NON_LITERAL_NULL_CONVERSION = YES;
				CLANG_WARN_OBJC_IMPLICIT_RETAIN_SELF = YES;
				CLANG_WARN_OBJC_LITERAL_CONVERSION = YES;
				CLANG_WARN_OBJC_ROOT_CLASS = YES_ERROR;
				CLANG_WARN_QUOTED_INCLUDE_IN_FRAMEWORK_HEADER = YES;
				CLANG_WARN_RANGE_LOOP_ANALYSIS = YES;
				CLANG_WARN_STRICT_PROTOTYPES = YES;
				CLANG_WARN_SUSPICIOUS_MOVE = YES;
				CLANG_WARN_UNGUARDED_AVAILABILITY = YES_AGGRESSIVE;
				CLANG_WARN_UNREACHABLE_CODE = YES;
				CLANG_WARN__DUPLICATE_METHOD_MATCH = YES;
				COPY_PHASE_STRIP = NO;
				DEBUG_INFORMATION_FORMAT = dwarf;
				ENABLE_STRICT_OBJC_MSGSEND = YES;
				ENABLE_TESTABILITY = YES;
				GCC_C_LANGUAGE_STANDARD = gnu11;
				GCC_DYNAMIC_NO_PIC = NO;
				GCC_NO_COMMON_BLOCKS = YES;
				GCC_OPTIMIZATION_LEVEL = 0;
				GCC_PREPROCESSOR_DEFINITIONS = (
					"DEBUG=1",
					"$(inherited)",
				);
				GCC_WARN_64_TO_32_BIT_CONVERSION = YES;
				GCC_WARN_ABOUT_RETURN_TYPE = YES_ERROR;
				GCC_WARN_UNDECLARED_SELECTOR = YES;
				GCC_WARN_UNINITIALIZED_AUTOS = YES_AGGRESSIVE;
				GCC_WARN_UNUSED_FUNCTION = YES;
				GCC_WARN_UNUSED_VARIABLE = YES;
				MTL_ENABLE_DEBUG_INFO = INCLUDE_SOURCE;
				MTL_FAST_MATH = YES;
				ONLY_ACTIVE_ARCH = YES;
				PRODUCT_NAME = "$(TARGET_NAME)";
				SWIFT_ACTIVE_COMPILATION_CONDITIONS = DEBUG;
				SWIFT_OPTIMIZATION_LEVEL = "-Onone";
				SWIFT_VERSION = 5.0;
			};
			name = Debug;
		};
		8D0B611005890C7BE54EC270 /* Debug */ = {
			isa = XCBuildConfiguration;
			buildSettings = {
				CLANG_ENABLE_OBJC_WEAK = NO;
				GENERATE_INFOPLIST_FILE = YES;
				IPHONEOS_DEPLOYMENT_TARGET = 17.0;
				PRODUCT_BUNDLE_IDENTIFIER = "co.sqlite-orbit.RemindersTests";
				SDKROOT = iphoneos;
				SWIFT_STRICT_CONCURRENCY = complete;
				SWIFT_VERSION = 6.0;
			};
			name = Debug;
		};
		8EC0DADA676F51D9DB47E580 /* Release */ = {
			isa = XCBuildConfiguration;
			buildSettings = {
				CLANG_ENABLE_OBJC_WEAK = NO;
				GENERATE_INFOPLIST_FILE = YES;
				IPHONEOS_DEPLOYMENT_TARGET = 17.0;
				PRODUCT_BUNDLE_IDENTIFIER = "co.sqlite-orbit.RemindersTests";
				SDKROOT = iphoneos;
				SWIFT_STRICT_CONCURRENCY = complete;
				SWIFT_VERSION = 6.0;
				VALIDATE_PRODUCT = YES;
			};
			name = Release;
		};
		95999D8057C50050BFA6F4BA /* Debug */ = {
			isa = XCBuildConfiguration;
			buildSettings = {
				CLANG_ENABLE_OBJC_WEAK = NO;
				CODE_SIGN_STYLE = Automatic;
				CURRENT_PROJECT_VERSION = 1;
				DEFINES_MODULE = YES;
				DYLIB_COMPATIBILITY_VERSION = 1;
				DYLIB_CURRENT_VERSION = 1;
				DYLIB_INSTALL_NAME_BASE = "@rpath";
				GENERATE_INFOPLIST_FILE = YES;
				INSTALL_PATH = "$(LOCAL_LIBRARY_DIR)/Frameworks";
				IPHONEOS_DEPLOYMENT_TARGET = 17.0;
				LD_RUNPATH_SEARCH_PATHS = "$(inherited) @executable_path/Frameworks @loader_path/Frameworks";
				PRODUCT_BUNDLE_IDENTIFIER = "co.sqlite-orbit.RemindersFeature";
				PRODUCT_NAME = "$(TARGET_NAME:c99extidentifier)";
				SDKROOT = iphoneos;
				SKIP_INSTALL = YES;
				SWIFT_STRICT_CONCURRENCY = complete;
				SWIFT_VERSION = 6.0;
				TARGETED_DEVICE_FAMILY = "1,2";
				VERSIONING_SYSTEM = "apple-generic";
				VERSION_INFO_PREFIX = "";
			};
			name = Debug;
		};
		BBCE1DBE97B265859BE04B90 /* Debug */ = {
			isa = XCBuildConfiguration;
			buildSettings = {
				ASSETCATALOG_COMPILER_APPICON_NAME = AppIcon;
				ASSETCATALOG_COMPILER_GLOBAL_ACCENT_COLOR_NAME = AccentColor;
				CLANG_ENABLE_OBJC_WEAK = NO;
				CODE_SIGN_STYLE = Automatic;
				GENERATE_INFOPLIST_FILE = YES;
				IPHONEOS_DEPLOYMENT_TARGET = 17.0;
				LD_RUNPATH_SEARCH_PATHS = "$(inherited) @executable_path/Frameworks";
				PRODUCT_BUNDLE_IDENTIFIER = "co.sqlite-orbit.Reminders";
				SDKROOT = iphoneos;
				SWIFT_STRICT_CONCURRENCY = complete;
				SWIFT_VERSION = 6.0;
				TARGETED_DEVICE_FAMILY = "1,2";
			};
			name = Debug;
		};
		C549DACFAFAB2BAC41C99A94 /* Release */ = {
			isa = XCBuildConfiguration;
			buildSettings = {
				ALWAYS_SEARCH_USER_PATHS = NO;
				CLANG_ANALYZER_NONNULL = YES;
				CLANG_ANALYZER_NUMBER_OBJECT_CONVERSION = YES_AGGRESSIVE;
				CLANG_CXX_LANGUAGE_STANDARD = "gnu++14";
				CLANG_CXX_LIBRARY = "libc++";
				CLANG_ENABLE_MODULES = YES;
				CLANG_ENABLE_OBJC_ARC = YES;
				CLANG_ENABLE_OBJC_WEAK = YES;
				CLANG_WARN_BLOCK_CAPTURE_AUTORELEASING = YES;
				CLANG_WARN_BOOL_CONVERSION = YES;
				CLANG_WARN_COMMA = YES;
				CLANG_WARN_CONSTANT_CONVERSION = YES;
				CLANG_WARN_DEPRECATED_OBJC_IMPLEMENTATIONS = YES;
				CLANG_WARN_DIRECT_OBJC_ISA_USAGE = YES_ERROR;
				CLANG_WARN_DOCUMENTATION_COMMENTS = YES;
				CLANG_WARN_EMPTY_BODY = YES;
				CLANG_WARN_ENUM_CONVERSION = YES;
				CLANG_WARN_INFINITE_RECURSION = YES;
				CLANG_WARN_INT_CONVERSION = YES;
				CLANG_WARN_NON_LITERAL_NULL_CONVERSION = YES;
				CLANG_WARN_OBJC_IMPLICIT_RETAIN_SELF = YES;
				CLANG_WARN_OBJC_LITERAL_CONVERSION = YES;
				CLANG_WARN_OBJC_ROOT_CLASS = YES_ERROR;
				CLANG_WARN_QUOTED_INCLUDE_IN_FRAMEWORK_HEADER = YES;
				CLANG_WARN_RANGE_LOOP_ANALYSIS = YES;
				CLANG_WARN_STRICT_PROTOTYPES = YES;
				CLANG_WARN_SUSPICIOUS_MOVE = YES;
				CLANG_WARN_UNGUARDED_AVAILABILITY = YES_AGGRESSIVE;
				CLANG_WARN_UNREACHABLE_CODE = YES;
				CLANG_WARN__DUPLICATE_METHOD_MATCH = YES;
				COPY_PHASE_STRIP = NO;
				DEBUG_INFORMATION_FORMAT = "dwarf-with-dsym";
				ENABLE_NS_ASSERTIONS = NO;
				ENABLE_STRICT_OBJC_MSGSEND = YES;
				GCC_C_LANGUAGE_STANDARD = gnu11;
				GCC_NO_COMMON_BLOCKS = YES;
				GCC_WARN_64_TO_32_BIT_CONVERSION = YES;
				GCC_WARN_ABOUT_RETURN_TYPE = YES_ERROR;
				GCC_WARN_UNDECLARED_SELECTOR = YES;
				GCC_WARN_UNINITIALIZED_AUTOS = YES_AGGRESSIVE;
				GCC_WARN_UNUSED_FUNCTION = YES;
				GCC_WARN_UNUSED_VARIABLE = YES;
				MTL_ENABLE_DEBUG_INFO = NO;
				MTL_FAST_MATH = YES;
				PRODUCT_NAME = "$(TARGET_NAME)";
				SWIFT_COMPILATION_MODE = wholemodule;
				SWIFT_OPTIMIZATION_LEVEL = "-O";
				SWIFT_VERSION = 5.0;
			};
			name = Release;
		};
/* End XCBuildConfiguration section */

/* Begin XCConfigurationList section */
		5E6B1507B21934ADAEF094E2 /* Build configuration list for PBXNativeTarget "Reminders" */ = {
			isa = XCConfigurationList;
			buildConfigurations = (
				7FFA669F280A27E3F9FECCDE /* Release */,
				BBCE1DBE97B265859BE04B90 /* Debug */,
			);
			defaultConfigurationIsVisible = 0;
			defaultConfigurationName = Release;
		};
		8AE412B8305AEEBE039BEF25 /* Build configuration list for PBXNativeTarget "RemindersFeature" */ = {
			isa = XCConfigurationList;
			buildConfigurations = (
				78195C11183BF82029CCBBDB /* Release */,
				95999D8057C50050BFA6F4BA /* Debug */,
			);
			defaultConfigurationIsVisible = 0;
			defaultConfigurationName = Release;
		};
		90D3EC92CCF29C30F54C4219 /* Build configuration list for PBXNativeTarget "RemindersTests" */ = {
			isa = XCConfigurationList;
			buildConfigurations = (
				8EC0DADA676F51D9DB47E580 /* Release */,
				8D0B611005890C7BE54EC270 /* Debug */,
			);
			defaultConfigurationIsVisible = 0;
			defaultConfigurationName = Release;
		};
		92F11015261A6DA5EC9A5C60 /* Build configuration list for PBXProject "Examples" */ = {
			isa = XCConfigurationList;
			buildConfigurations = (
				8578ADB9904377E059B12B73 /* Debug */,
				C549DACFAFAB2BAC41C99A94 /* Release */,
			);
			defaultConfigurationIsVisible = 0;
			defaultConfigurationName = Release;
		};
/* End XCConfigurationList section */

/* Begin XCLocalSwiftPackageReference section */
		E713FF906BB98F8DDF5F0E6C /* XCLocalSwiftPackageReference ".." */ = {
			isa = XCLocalSwiftPackageReference;
			relativePath = ..;
		};
/* End XCLocalSwiftPackageReference section */

/* Begin XCSwiftPackageProductDependency section */
		CCC864D19B01E90C616F784F /* SQLiteOrbit */ = {
			isa = XCSwiftPackageProductDependency;
			package = E713FF906BB98F8DDF5F0E6C /* XCLocalSwiftPackageReference ".." */;
			productName = SQLiteOrbit;
		};
/* End XCSwiftPackageProductDependency section */
	};
	rootObject = 662D084D9A874803A279FBDB /* Project object */;
}
